
Microsoft Visual Studio Solution File, Format Version 12.00
# Visual Studio 15
VisualStudioVersion = 15.0.27130.2036
MinimumVisualStudioVersion = 10.0.40219.1
Project("{FAE04EC0-301F-11D3-BF4B-00C04F79EFBC}") = "mzitu", "mzitu\mzitu.csproj", "{A5A02A6A-2ABD-4056-AED7-79DE4FE04A35}"
EndProject
Global
	GlobalSection(SolutionConfigurationPlatforms) = preSolution
		Debug|Any CPU = Debug|Any CPU
		Release|Any CPU = Release|Any CPU
	EndGlobalSection
	GlobalSection(ProjectConfigurationPlatforms) = postSolution
		{A5A02A6A-2ABD-4056-AED7-79DE4FE04A35}.Debug|Any CPU.ActiveCfg = Debug|Any CPU
		{A5A02A6A-2ABD-4056-AED7-79DE4FE04A35}.Debug|Any CPU.Build.0 = Debug|Any CPU
		{A5A02A6A-2ABD-4056-AED7-79DE4FE04A35}.Release|Any CPU.ActiveCfg = Release|Any CPU
		{A5A02A6A-2ABD-4056-AED7-79DE4FE04A35}.Release|Any CPU.Build.0 = Release|Any CPU
	EndGlobalSection
	GlobalSection(SolutionProperties) = preSolution
		HideSolutionNode = FALSE
	EndGlobalSection
	GlobalSection(ExtensibilityGlobals) = postSolution
		SolutionGuid = {F676DC09-B08A-4F68-BE50-74CEA7695FD2}
	EndGlobalSection
EndGlobal
